
Microsoft Visual Studio Solution File, Format Version 12.00
# Visual Studio Version 16
VisualStudioVersion = 25.0.1705.0
MinimumVisualStudioVersion = 10.0.40219.1
Project("{FAE04EC0-301F-11D3-BF4B-00C04F79EFBC}") = "TradeAlgos808", "TradeAlgos808\TradeAlgos808.csproj", "{DAE317A8-8193-461A-BCCF-63862709DD8B}"
EndProject
Project("{FAE04EC0-301F-11D3-BF4B-00C04F79EFBC}") = "TradeAlgos808Tests", "TradeAlgos808Tests\TradeAlgos808Tests.csproj", "{6D3BEDB5-1AF1-4051-853E-7070C5822E60}"
EndProject
Global
	GlobalSection(SolutionConfigurationPlatforms) = preSolution
		Debug|Any CPU = Debug|Any CPU
		Release|Any CPU = Release|Any CPU
	EndGlobalSection
	GlobalSection(ProjectConfigurationPlatforms) = postSolution
		{DAE317A8-8193-461A-BCCF-63862709DD8B}.Debug|Any CPU.ActiveCfg = Debug|Any CPU
		{DAE317A8-8193-461A-BCCF-63862709DD8B}.Debug|Any CPU.Build.0 = Debug|Any CPU
		{DAE317A8-8193-461A-BCCF-63862709DD8B}.Release|Any CPU.ActiveCfg = Release|Any CPU
		{DAE317A8-8193-461A-BCCF-63862709DD8B}.Release|Any CPU.Build.0 = Release|Any CPU
		{6D3BEDB5-1AF1-4051-853E-7070C5822E60}.Debug|Any CPU.ActiveCfg = Debug|Any CPU
		{6D3BEDB5-1AF1-4051-853E-7070C5822E60}.Debug|Any CPU.Build.0 = Debug|Any CPU
		{6D3BEDB5-1AF1-4051-853E-7070C5822E60}.Release|Any CPU.ActiveCfg = Release|Any CPU
		{6D3BEDB5-1AF1-4051-853E-7070C5822E60}.Release|Any CPU.Build.0 = Release|Any CPU
	EndGlobalSection
	GlobalSection(SolutionProperties) = preSolution
		HideSolutionNode = FALSE
	EndGlobalSection
	GlobalSection(ExtensibilityGlobals) = postSolution
		SolutionGuid = {DE8F4BC8-5A84-409D-A392-5F00671E5CD8}
	EndGlobalSection
EndGlobal
